
Microsoft Visual Studio Solution File, Format Version 12.00
# Visual Studio 15
VisualStudioVersion = 15.0.27924.0
MinimumVisualStudioVersion = 10.0.40219.1
Project("{9A19103F-16F7-4668-BE54-9A1E7A4F7556}") = "Smart.Wasl.Homes.Sevices.HomeAppliances", "Smart.Wasl.Homes.HomeAppliances\Smart.Wasl.Homes.Sevices.HomeAppliances.csproj", "{0463C44F-F5B9-4C12-AE66-CC290F238532}"
EndProject
Project("{2150E333-8FDC-42A3-9474-1A3956D46DE8}") = "Solution Items", "Solution Items", "{46FB3363-2867-41C7-96F4-6102C070E325}"
EndProject
Project("{2150E333-8FDC-42A3-9474-1A3956D46DE8}") = "NewFolder1", "NewFolder1", "{9D0E502F-FB79-498C-974F-72D2158F0090}"
EndProject
Project("{9A19103F-16F7-4668-BE54-9A1E7A4F7556}") = "Smart.Wasl.Homes.Seed.Images", "Smart.Wasl.Homes.Seed.Images\Smart.Wasl.Homes.Seed.Images.csproj", "{466475F0-0706-46EC-A6AD-73D129194CFF}"
EndProject
Project("{FAE04EC0-301F-11D3-BF4B-00C04F79EFBC}") = "Smart.Wasl.Homes.Clients.Android", "Smart.Wasl.Homes.Clients\Smart.Wasl.Homes.Clients.Android\Smart.Wasl.Homes.Clients.Android.csproj", "{8A843B89-A8CB-4498-B6E6-3FDDE26BBCF8}"
EndProject
Project("{FAE04EC0-301F-11D3-BF4B-00C04F79EFBC}") = "Smart.Wasl.Homes.Clients.iOS", "Smart.Wasl.Homes.Clients\Smart.Wasl.Homes.Clients.iOS\Smart.Wasl.Homes.Clients.iOS.csproj", "{D9703A33-CFFA-499E-B535-A7941747A013}"
EndProject
Project("{FAE04EC0-301F-11D3-BF4B-00C04F79EFBC}") = "Smart.Wasl.Homes.Clients.UWP", "Smart.Wasl.Homes.Clients\Smart.Wasl.Homes.Clients.UWP\Smart.Wasl.Homes.Clients.UWP.csproj", "{A14FB02F-ABDA-4CF3-BC05-BFB0368C11E9}"
EndProject
Project("{9A19103F-16F7-4668-BE54-9A1E7A4F7556}") = "Smart.Wasl.Homes.Clients", "Smart.Wasl.Homes.Clients\Smart.Wasl.Homes.Clients\Smart.Wasl.Homes.Clients.csproj", "{FCA37C64-C40A-4CBA-BA41-CE6D4A8B2277}"
EndProject
Project("{FAE04EC0-301F-11D3-BF4B-00C04F79EFBC}") = "Smart.Wasl.Homes.Services.Notifications", "Smart.Wasl.Homes.Services.Notifications\Smart.Wasl.Homes.Services.Notifications.csproj", "{C49CFEFD-57B9-4898-8C9D-54583F4BE8D9}"
EndProject
Global
	GlobalSection(SolutionConfigurationPlatforms) = preSolution
		Ad-Hoc|Any CPU = Ad-Hoc|Any CPU
		Ad-Hoc|ARM = Ad-Hoc|ARM
		Ad-Hoc|iPhone = Ad-Hoc|iPhone
		Ad-Hoc|iPhoneSimulator = Ad-Hoc|iPhoneSimulator
		Ad-Hoc|x64 = Ad-Hoc|x64
		Ad-Hoc|x86 = Ad-Hoc|x86
		AppStore|Any CPU = AppStore|Any CPU
		AppStore|ARM = AppStore|ARM
		AppStore|iPhone = AppStore|iPhone
		AppStore|iPhoneSimulator = AppStore|iPhoneSimulator
		AppStore|x64 = AppStore|x64
		AppStore|x86 = AppStore|x86
		Debug|Any CPU = Debug|Any CPU
		Debug|ARM = Debug|ARM
		Debug|iPhone = Debug|iPhone
		Debug|iPhoneSimulator = Debug|iPhoneSimulator
		Debug|x64 = Debug|x64
		Debug|x86 = Debug|x86
		Release|Any CPU = Release|Any CPU
		Release|ARM = Release|ARM
		Release|iPhone = Release|iPhone
		Release|iPhoneSimulator = Release|iPhoneSimulator
		Release|x64 = Release|x64
		Release|x86 = Release|x86
	EndGlobalSection
	GlobalSection(ProjectConfigurationPlatforms) = postSolution
		{0463C44F-F5B9-4C12-AE66-CC290F238532}.Ad-Hoc|Any CPU.ActiveCfg = Release|Any CPU
		{0463C44F-F5B9-4C12-AE66-CC290F238532}.Ad-Hoc|Any CPU.Build.0 = Release|Any CPU
		{0463C44F-F5B9-4C12-AE66-CC290F238532}.Ad-Hoc|ARM.ActiveCfg = Release|Any CPU
		{0463C44F-F5B9-4C12-AE66-CC290F238532}.Ad-Hoc|ARM.Build.0 = Release|Any CPU
		{0463C44F-F5B9-4C12-AE66-CC290F238532}.Ad-Hoc|iPhone.ActiveCfg = Release|Any CPU
		{0463C44F-F5B9-4C12-AE66-CC290F238532}.Ad-Hoc|iPhone.Build.0 = Release|Any CPU
		{0463C44F-F5B9-4C12-AE66-CC290F238532}.Ad-Hoc|iPhoneSimulator.ActiveCfg = Release|Any CPU
		{0463C44F-F5B9-4C12-AE66-CC290F238532}.Ad-Hoc|iPhoneSimulator.Build.0 = Release|Any CPU
		{0463C44F-F5B9-4C12-AE66-CC290F238532}.Ad-Hoc|x64.ActiveCfg = Release|Any CPU
		{0463C44F-F5B9-4C12-AE66-CC290F238532}.Ad-Hoc|x64.Build.0 = Release|Any CPU
		{0463C44F-F5B9-4C12-AE66-CC290F238532}.Ad-Hoc|x86.ActiveCfg = Release|Any CPU
		{0463C44F-F5B9-4C12-AE66-CC290F238532}.Ad-Hoc|x86.Build.0 = Release|Any CPU
		{0463C44F-F5B9-4C12-AE66-CC290F238532}.AppStore|Any CPU.ActiveCfg = Release|Any CPU
		{0463C44F-F5B9-4C12-AE66-CC290F238532}.AppStore|Any CPU.Build.0 = Release|Any CPU
		{0463C44F-F5B9-4C12-AE66-CC290F238532}.AppStore|ARM.ActiveCfg = Release|Any CPU
		{0463C44F-F5B9-4C12-AE66-CC290F238532}.AppStore|ARM.Build.0 = Release|Any CPU
		{0463C44F-F5B9-4C12-AE66-CC290F238532}.AppStore|iPhone.ActiveCfg = Release|Any CPU
		{0463C44F-F5B9-4C12-AE66-CC290F238532}.AppStore|iPhone.Build.0 = Release|Any CPU
		{0463C44F-F5B9-4C12-AE66-CC290F238532}.AppStore|iPhoneSimulator.ActiveCfg = Release|Any CPU
		{0463C44F-F5B9-4C12-AE66-CC290F238532}.AppStore|iPhoneSimulator.Build.0 = Release|Any CPU
		{0463C44F-F5B9-4C12-AE66-CC290F238532}.AppStore|x64.ActiveCfg = Release|Any CPU
		{0463C44F-F5B9-4C12-AE66-CC290F238532}.AppStore|x64.Build.0 = Release|Any CPU
		{0463C44F-F5B9-4C12-AE66-CC290F238532}.AppStore|x86.ActiveCfg = Release|Any CPU
		{0463C44F-F5B9-4C12-AE66-CC290F238532}.AppStore|x86.Build.0 = Release|Any CPU
		{0463C44F-F5B9-4C12-AE66-CC290F238532}.Debug|Any CPU.ActiveCfg = Debug|Any CPU
		{0463C44F-F5B9-4C12-AE66-CC290F238532}.Debug|Any CPU.Build.0 = Debug|Any CPU
		{0463C44F-F5B9-4C12-AE66-CC290F238532}.Debug|ARM.ActiveCfg = Debug|Any CPU
		{0463C44F-F5B9-4C12-AE66-CC290F238532}.Debug|ARM.Build.0 = Debug|Any CPU
		{0463C44F-F5B9-4C12-AE66-CC290F238532}.Debug|iPhone.ActiveCfg = Debug|Any CPU
		{0463C44F-F5B9-4C12-AE66-CC290F238532}.Debug|iPhone.Build.0 = Debug|Any CPU
		{0463C44F-F5B9-4C12-AE66-CC290F238532}.Debug|iPhoneSimulator.ActiveCfg = Debug|Any CPU
		{0463C44F-F5B9-4C12-AE66-CC290F238532}.Debug|iPhoneSimulator.Build.0 = Debug|Any CPU
		{0463C44F-F5B9-4C12-AE66-CC290F238532}.Debug|x64.ActiveCfg = Debug|Any CPU
		{0463C44F-F5B9-4C12-AE66-CC290F238532}.Debug|x64.Build.0 = Debug|Any CPU
		{0463C44F-F5B9-4C12-AE66-CC290F238532}.Debug|x86.ActiveCfg = Debug|Any CPU
		{0463C44F-F5B9-4C12-AE66-CC290F238532}.Debug|x86.Build.0 = Debug|Any CPU
		{0463C44F-F5B9-4C12-AE66-CC290F238532}.Release|Any CPU.ActiveCfg = Release|Any CPU
		{0463C44F-F5B9-4C12-AE66-CC290F238532}.Release|Any CPU.Build.0 = Release|Any CPU
		{0463C44F-F5B9-4C12-AE66-CC290F238532}.Release|ARM.ActiveCfg = Release|Any CPU
		{0463C44F-F5B9-4C12-AE66-CC290F238532}.Release|ARM.Build.0 = Release|Any CPU
		{0463C44F-F5B9-4C12-AE66-CC290F238532}.Release|iPhone.ActiveCfg = Release|Any CPU
		{0463C44F-F5B9-4C12-AE66-CC290F238532}.Release|iPhone.Build.0 = Release|Any CPU
		{0463C44F-F5B9-4C12-AE66-CC290F238532}.Release|iPhoneSimulator.ActiveCfg = Release|Any CPU
		{0463C44F-F5B9-4C12-AE66-CC290F238532}.Release|iPhoneSimulator.Build.0 = Release|Any CPU
		{0463C44F-F5B9-4C12-AE66-CC290F238532}.Release|x64.ActiveCfg = Release|Any CPU
		{0463C44F-F5B9-4C12-AE66-CC290F238532}.Release|x64.Build.0 = Release|Any CPU
		{0463C44F-F5B9-4C12-AE66-CC290F238532}.Release|x86.ActiveCfg = Release|Any CPU
		{0463C44F-F5B9-4C12-AE66-CC290F238532}.Release|x86.Build.0 = Release|Any CPU
		{466475F0-0706-46EC-A6AD-73D129194CFF}.Ad-Hoc|Any CPU.ActiveCfg = Debug|Any CPU
		{466475F0-0706-46EC-A6AD-73D129194CFF}.Ad-Hoc|Any CPU.Build.0 = Debug|Any CPU
		{466475F0-0706-46EC-A6AD-73D129194CFF}.Ad-Hoc|ARM.ActiveCfg = Debug|Any CPU
		{466475F0-0706-46EC-A6AD-73D129194CFF}.Ad-Hoc|ARM.Build.0 = Debug|Any CPU
		{466475F0-0706-46EC-A6AD-73D129194CFF}.Ad-Hoc|iPhone.ActiveCfg = Debug|Any CPU
		{466475F0-0706-46EC-A6AD-73D129194CFF}.Ad-Hoc|iPhone.Build.0 = Debug|Any CPU
		{466475F0-0706-46EC-A6AD-73D129194CFF}.Ad-Hoc|iPhoneSimulator.ActiveCfg = Debug|Any CPU
		{466475F0-0706-46EC-A6AD-73D129194CFF}.Ad-Hoc|iPhoneSimulator.Build.0 = Debug|Any CPU
		{466475F0-0706-46EC-A6AD-73D129194CFF}.Ad-Hoc|x64.ActiveCfg = Debug|Any CPU
		{466475F0-0706-46EC-A6AD-73D129194CFF}.Ad-Hoc|x64.Build.0 = Debug|Any CPU
		{466475F0-0706-46EC-A6AD-73D129194CFF}.Ad-Hoc|x86.ActiveCfg = Debug|Any CPU
		{466475F0-0706-46EC-A6AD-73D129194CFF}.Ad-Hoc|x86.Build.0 = Debug|Any CPU
		{466475F0-0706-46EC-A6AD-73D129194CFF}.AppStore|Any CPU.ActiveCfg = Debug|Any CPU
		{466475F0-0706-46EC-A6AD-73D129194CFF}.AppStore|Any CPU.Build.0 = Debug|Any CPU
		{466475F0-0706-46EC-A6AD-73D129194CFF}.AppStore|ARM.ActiveCfg = Debug|Any CPU
		{466475F0-0706-46EC-A6AD-73D129194CFF}.AppStore|ARM.Build.0 = Debug|Any CPU
		{466475F0-0706-46EC-A6AD-73D129194CFF}.AppStore|iPhone.ActiveCfg = Debug|Any CPU
		{466475F0-0706-46EC-A6AD-73D129194CFF}.AppStore|iPhone.Build.0 = Debug|Any CPU
		{466475F0-0706-46EC-A6AD-73D129194CFF}.AppStore|iPhoneSimulator.ActiveCfg = Debug|Any CPU
		{466475F0-0706-46EC-A6AD-73D129194CFF}.AppStore|iPhoneSimulator.Build.0 = Debug|Any CPU
		{466475F0-0706-46EC-A6AD-73D129194CFF}.AppStore|x64.ActiveCfg = Debug|Any CPU
		{466475F0-0706-46EC-A6AD-73D129194CFF}.AppStore|x64.Build.0 = Debug|Any CPU
		{466475F0-0706-46EC-A6AD-73D129194CFF}.AppStore|x86.ActiveCfg = Debug|Any CPU
		{466475F0-0706-46EC-A6AD-73D129194CFF}.AppStore|x86.Build.0 = Debug|Any CPU
		{466475F0-0706-46EC-A6AD-73D129194CFF}.Debug|Any CPU.ActiveCfg = Debug|Any CPU
		{466475F0-0706-46EC-A6AD-73D129194CFF}.Debug|Any CPU.Build.0 = Debug|Any CPU
		{466475F0-0706-46EC-A6AD-73D129194CFF}.Debug|ARM.ActiveCfg = Debug|Any CPU
		{466475F0-0706-46EC-A6AD-73D129194CFF}.Debug|ARM.Build.0 = Debug|Any CPU
		{466475F0-0706-46EC-A6AD-73D129194CFF}.Debug|iPhone.ActiveCfg = Debug|Any CPU
		{466475F0-0706-46EC-A6AD-73D129194CFF}.Debug|iPhone.Build.0 = Debug|Any CPU
		{466475F0-0706-46EC-A6AD-73D129194CFF}.Debug|iPhoneSimulator.ActiveCfg = Debug|Any CPU
		{466475F0-0706-46EC-A6AD-73D129194CFF}.Debug|iPhoneSimulator.Build.0 = Debug|Any CPU
		{466475F0-0706-46EC-A6AD-73D129194CFF}.Debug|x64.ActiveCfg = Debug|Any CPU
		{466475F0-0706-46EC-A6AD-73D129194CFF}.Debug|x64.Build.0 = Debug|Any CPU
		{466475F0-0706-46EC-A6AD-73D129194CFF}.Debug|x86.ActiveCfg = Debug|Any CPU
		{466475F0-0706-46EC-A6AD-73D129194CFF}.Debug|x86.Build.0 = Debug|Any CPU
		{466475F0-0706-46EC-A6AD-73D129194CFF}.Release|Any CPU.ActiveCfg = Release|Any CPU
		{466475F0-0706-46EC-A6AD-73D129194CFF}.Release|Any CPU.Build.0 = Release|Any CPU
		{466475F0-0706-46EC-A6AD-73D129194CFF}.Release|ARM.ActiveCfg = Release|Any CPU
		{466475F0-0706-46EC-A6AD-73D129194CFF}.Release|ARM.Build.0 = Release|Any CPU
		{466475F0-0706-46EC-A6AD-73D129194CFF}.Release|iPhone.ActiveCfg = Release|Any CPU
		{466475F0-0706-46EC-A6AD-73D129194CFF}.Release|iPhone.Build.0 = Release|Any CPU
		{466475F0-0706-46EC-A6AD-73D129194CFF}.Release|iPhoneSimulator.ActiveCfg = Release|Any CPU
		{466475F0-0706-46EC-A6AD-73D129194CFF}.Release|iPhoneSimulator.Build.0 = Release|Any CPU
		{466475F0-0706-46EC-A6AD-73D129194CFF}.Release|x64.ActiveCfg = Release|Any CPU
		{466475F0-0706-46EC-A6AD-73D129194CFF}.Release|x64.Build.0 = Release|Any CPU
		{466475F0-0706-46EC-A6AD-73D129194CFF}.Release|x86.ActiveCfg = Release|Any CPU
		{466475F0-0706-46EC-A6AD-73D129194CFF}.Release|x86.Build.0 = Release|Any CPU
		{8A843B89-A8CB-4498-B6E6-3FDDE26BBCF8}.Ad-Hoc|Any CPU.ActiveCfg = Release|Any CPU
		{8A843B89-A8CB-4498-B6E6-3FDDE26BBCF8}.Ad-Hoc|Any CPU.Build.0 = Release|Any CPU
		{8A843B89-A8CB-4498-B6E6-3FDDE26BBCF8}.Ad-Hoc|Any CPU.Deploy.0 = Release|Any CPU
		{8A843B89-A8CB-4498-B6E6-3FDDE26BBCF8}.Ad-Hoc|ARM.ActiveCfg = Release|Any CPU
		{8A843B89-A8CB-4498-B6E6-3FDDE26BBCF8}.Ad-Hoc|ARM.Build.0 = Release|Any CPU
		{8A843B89-A8CB-4498-B6E6-3FDDE26BBCF8}.Ad-Hoc|ARM.Deploy.0 = Release|Any CPU
		{8A843B89-A8CB-4498-B6E6-3FDDE26BBCF8}.Ad-Hoc|iPhone.ActiveCfg = Release|Any CPU
		{8A843B89-A8CB-4498-B6E6-3FDDE26BBCF8}.Ad-Hoc|iPhone.Build.0 = Release|Any CPU
		{8A843B89-A8CB-4498-B6E6-3FDDE26BBCF8}.Ad-Hoc|iPhone.Deploy.0 = Release|Any CPU
		{8A843B89-A8CB-4498-B6E6-3FDDE26BBCF8}.Ad-Hoc|iPhoneSimulator.ActiveCfg = Release|Any CPU
		{8A843B89-A8CB-4498-B6E6-3FDDE26BBCF8}.Ad-Hoc|iPhoneSimulator.Build.0 = Release|Any CPU
		{8A843B89-A8CB-4498-B6E6-3FDDE26BBCF8}.Ad-Hoc|iPhoneSimulator.Deploy.0 = Release|Any CPU
		{8A843B89-A8CB-4498-B6E6-3FDDE26BBCF8}.Ad-Hoc|x64.ActiveCfg = Release|Any CPU
		{8A843B89-A8CB-4498-B6E6-3FDDE26BBCF8}.Ad-Hoc|x64.Build.0 = Release|Any CPU
		{8A843B89-A8CB-4498-B6E6-3FDDE26BBCF8}.Ad-Hoc|x64.Deploy.0 = Release|Any CPU
		{8A843B89-A8CB-4498-B6E6-3FDDE26BBCF8}.Ad-Hoc|x86.ActiveCfg = Release|Any CPU
		{8A843B89-A8CB-4498-B6E6-3FDDE26BBCF8}.Ad-Hoc|x86.Build.0 = Release|Any CPU
		{8A843B89-A8CB-4498-B6E6-3FDDE26BBCF8}.Ad-Hoc|x86.Deploy.0 = Release|Any CPU
		{8A843B89-A8CB-4498-B6E6-3FDDE26BBCF8}.AppStore|Any CPU.ActiveCfg = Release|Any CPU
		{8A843B89-A8CB-4498-B6E6-3FDDE26BBCF8}.AppStore|Any CPU.Build.0 = Release|Any CPU
		{8A843B89-A8CB-4498-B6E6-3FDDE26BBCF8}.AppStore|Any CPU.Deploy.0 = Release|Any CPU
		{8A843B89-A8CB-4498-B6E6-3FDDE26BBCF8}.AppStore|ARM.ActiveCfg = Release|Any CPU
		{8A843B89-A8CB-4498-B6E6-3FDDE26BBCF8}.AppStore|ARM.Build.0 = Release|Any CPU
		{8A843B89-A8CB-4498-B6E6-3FDDE26BBCF8}.AppStore|ARM.Deploy.0 = Release|Any CPU
		{8A843B89-A8CB-4498-B6E6-3FDDE26BBCF8}.AppStore|iPhone.ActiveCfg = Release|Any CPU
		{8A843B89-A8CB-4498-B6E6-3FDDE26BBCF8}.AppStore|iPhone.Build.0 = Release|Any CPU
		{8A843B89-A8CB-4498-B6E6-3FDDE26BBCF8}.AppStore|iPhone.Deploy.0 = Release|Any CPU
		{8A843B89-A8CB-4498-B6E6-3FDDE26BBCF8}.AppStore|iPhoneSimulator.ActiveCfg = Release|Any CPU
		{8A843B89-A8CB-4498-B6E6-3FDDE26BBCF8}.AppStore|iPhoneSimulator.Build.0 = Release|Any CPU
		{8A843B89-A8CB-4498-B6E6-3FDDE26BBCF8}.AppStore|iPhoneSimulator.Deploy.0 = Release|Any CPU
		{8A843B89-A8CB-4498-B6E6-3FDDE26BBCF8}.AppStore|x64.ActiveCfg = Release|Any CPU
		{8A843B89-A8CB-4498-B6E6-3FDDE26BBCF8}.AppStore|x64.Build.0 = Release|Any CPU
		{8A843B89-A8CB-4498-B6E6-3FDDE26BBCF8}.AppStore|x64.Deploy.0 = Release|Any CPU
		{8A843B89-A8CB-4498-B6E6-3FDDE26BBCF8}.AppStore|x86.ActiveCfg = Release|Any CPU
		{8A843B89-A8CB-4498-B6E6-3FDDE26BBCF8}.AppStore|x86.Build.0 = Release|Any CPU
		{8A843B89-A8CB-4498-B6E6-3FDDE26BBCF8}.AppStore|x86.Deploy.0 = Release|Any CPU
		{8A843B89-A8CB-4498-B6E6-3FDDE26BBCF8}.Debug|Any CPU.ActiveCfg = Debug|Any CPU
		{8A843B89-A8CB-4498-B6E6-3FDDE26BBCF8}.Debug|Any CPU.Build.0 = Debug|Any CPU
		{8A843B89-A8CB-4498-B6E6-3FDDE26BBCF8}.Debug|Any CPU.Deploy.0 = Debug|Any CPU
		{8A843B89-A8CB-4498-B6E6-3FDDE26BBCF8}.Debug|ARM.ActiveCfg = Debug|Any CPU
		{8A843B89-A8CB-4498-B6E6-3FDDE26BBCF8}.Debug|ARM.Build.0 = Debug|Any CPU
		{8A843B89-A8CB-4498-B6E6-3FDDE26BBCF8}.Debug|ARM.Deploy.0 = Debug|Any CPU
		{8A843B89-A8CB-4498-B6E6-3FDDE26BBCF8}.Debug|iPhone.ActiveCfg = Debug|Any CPU
		{8A843B89-A8CB-4498-B6E6-3FDDE26BBCF8}.Debug|iPhone.Build.0 = Debug|Any CPU
		{8A843B89-A8CB-4498-B6E6-3FDDE26BBCF8}.Debug|iPhone.Deploy.0 = Debug|Any CPU
		{8A843B89-A8CB-4498-B6E6-3FDDE26BBCF8}.Debug|iPhoneSimulator.ActiveCfg = Debug|Any CPU
		{8A843B89-A8CB-4498-B6E6-3FDDE26BBCF8}.Debug|iPhoneSimulator.Build.0 = Debug|Any CPU
		{8A843B89-A8CB-4498-B6E6-3FDDE26BBCF8}.Debug|iPhoneSimulator.Deploy.0 = Debug|Any CPU
		{8A843B89-A8CB-4498-B6E6-3FDDE26BBCF8}.Debug|x64.ActiveCfg = Debug|Any CPU
		{8A843B89-A8CB-4498-B6E6-3FDDE26BBCF8}.Debug|x64.Build.0 = Debug|Any CPU
		{8A843B89-A8CB-4498-B6E6-3FDDE26BBCF8}.Debug|x64.Deploy.0 = Debug|Any CPU
		{8A843B89-A8CB-4498-B6E6-3FDDE26BBCF8}.Debug|x86.ActiveCfg = Debug|Any CPU
		{8A843B89-A8CB-4498-B6E6-3FDDE26BBCF8}.Debug|x86.Build.0 = Debug|Any CPU
		{8A843B89-A8CB-4498-B6E6-3FDDE26BBCF8}.Debug|x86.Deploy.0 = Debug|Any CPU
		{8A843B89-A8CB-4498-B6E6-3FDDE26BBCF8}.Release|Any CPU.ActiveCfg = Release|Any CPU
		{8A843B89-A8CB-4498-B6E6-3FDDE26BBCF8}.Release|Any CPU.Build.0 = Release|Any CPU
		{8A843B89-A8CB-4498-B6E6-3FDDE26BBCF8}.Release|Any CPU.Deploy.0 = Release|Any CPU
		{8A843B89-A8CB-4498-B6E6-3FDDE26BBCF8}.Release|ARM.ActiveCfg = Release|Any CPU
		{8A843B89-A8CB-4498-B6E6-3FDDE26BBCF8}.Release|ARM.Build.0 = Release|Any CPU
		{8A843B89-A8CB-4498-B6E6-3FDDE26BBCF8}.Release|ARM.Deploy.0 = Release|Any CPU
		{8A843B89-A8CB-4498-B6E6-3FDDE26BBCF8}.Release|iPhone.ActiveCfg = Release|Any CPU
		{8A843B89-A8CB-4498-B6E6-3FDDE26BBCF8}.Release|iPhone.Build.0 = Release|Any CPU
		{8A843B89-A8CB-4498-B6E6-3FDDE26BBCF8}.Release|iPhone.Deploy.0 = Release|Any CPU
		{8A843B89-A8CB-4498-B6E6-3FDDE26BBCF8}.Release|iPhoneSimulator.ActiveCfg = Release|Any CPU
		{8A843B89-A8CB-4498-B6E6-3FDDE26BBCF8}.Release|iPhoneSimulator.Build.0 = Release|Any CPU
		{8A843B89-A8CB-4498-B6E6-3FDDE26BBCF8}.Release|iPhoneSimulator.Deploy.0 = Release|Any CPU
		{8A843B89-A8CB-4498-B6E6-3FDDE26BBCF8}.Release|x64.ActiveCfg = Release|Any CPU
		{8A843B89-A8CB-4498-B6E6-3FDDE26BBCF8}.Release|x64.Build.0 = Release|Any CPU
		{8A843B89-A8CB-4498-B6E6-3FDDE26BBCF8}.Release|x64.Deploy.0 = Release|Any CPU
		{8A843B89-A8CB-4498-B6E6-3FDDE26BBCF8}.Release|x86.ActiveCfg = Release|Any CPU
		{8A843B89-A8CB-4498-B6E6-3FDDE26BBCF8}.Release|x86.Build.0 = Release|Any CPU
		{8A843B89-A8CB-4498-B6E6-3FDDE26BBCF8}.Release|x86.Deploy.0 = Release|Any CPU
		{D9703A33-CFFA-499E-B535-A7941747A013}.Ad-Hoc|Any CPU.ActiveCfg = Ad-Hoc|iPhone
		{D9703A33-CFFA-499E-B535-A7941747A013}.Ad-Hoc|ARM.ActiveCfg = Ad-Hoc|iPhone
		{D9703A33-CFFA-499E-B535-A7941747A013}.Ad-Hoc|iPhone.ActiveCfg = Ad-Hoc|iPhone
		{D9703A33-CFFA-499E-B535-A7941747A013}.Ad-Hoc|iPhone.Build.0 = Ad-Hoc|iPhone
		{D9703A33-CFFA-499E-B535-A7941747A013}.Ad-Hoc|iPhoneSimulator.ActiveCfg = Ad-Hoc|iPhoneSimulator
		{D9703A33-CFFA-499E-B535-A7941747A013}.Ad-Hoc|iPhoneSimulator.Build.0 = Ad-Hoc|iPhoneSimulator
		{D9703A33-CFFA-499E-B535-A7941747A013}.Ad-Hoc|x64.ActiveCfg = Ad-Hoc|iPhone
		{D9703A33-CFFA-499E-B535-A7941747A013}.Ad-Hoc|x86.ActiveCfg = Ad-Hoc|iPhone
		{D9703A33-CFFA-499E-B535-A7941747A013}.AppStore|Any CPU.ActiveCfg = AppStore|iPhone
		{D9703A33-CFFA-499E-B535-A7941747A013}.AppStore|ARM.ActiveCfg = AppStore|iPhone
		{D9703A33-CFFA-499E-B535-A7941747A013}.AppStore|iPhone.ActiveCfg = AppStore|iPhone
		{D9703A33-CFFA-499E-B535-A7941747A013}.AppStore|iPhone.Build.0 = AppStore|iPhone
		{D9703A33-CFFA-499E-B535-A7941747A013}.AppStore|iPhoneSimulator.ActiveCfg = AppStore|iPhoneSimulator
		{D9703A33-CFFA-499E-B535-A7941747A013}.AppStore|iPhoneSimulator.Build.0 = AppStore|iPhoneSimulator
		{D9703A33-CFFA-499E-B535-A7941747A013}.AppStore|x64.ActiveCfg = AppStore|iPhone
		{D9703A33-CFFA-499E-B535-A7941747A013}.AppStore|x86.ActiveCfg = AppStore|iPhone
		{D9703A33-CFFA-499E-B535-A7941747A013}.Debug|Any CPU.ActiveCfg = Debug|iPhone
		{D9703A33-CFFA-499E-B535-A7941747A013}.Debug|ARM.ActiveCfg = Debug|iPhone
		{D9703A33-CFFA-499E-B535-A7941747A013}.Debug|iPhone.ActiveCfg = Debug|iPhone
		{D9703A33-CFFA-499E-B535-A7941747A013}.Debug|iPhone.Build.0 = Debug|iPhone
		{D9703A33-CFFA-499E-B535-A7941747A013}.Debug|iPhoneSimulator.ActiveCfg = Debug|iPhoneSimulator
		{D9703A33-CFFA-499E-B535-A7941747A013}.Debug|iPhoneSimulator.Build.0 = Debug|iPhoneSimulator
		{D9703A33-CFFA-499E-B535-A7941747A013}.Debug|x64.ActiveCfg = Debug|iPhone
		{D9703A33-CFFA-499E-B535-A7941747A013}.Debug|x86.ActiveCfg = Debug|iPhone
		{D9703A33-CFFA-499E-B535-A7941747A013}.Release|Any CPU.ActiveCfg = Release|iPhone
		{D9703A33-CFFA-499E-B535-A7941747A013}.Release|ARM.ActiveCfg = Release|iPhone
		{D9703A33-CFFA-499E-B535-A7941747A013}.Release|iPhone.ActiveCfg = Release|iPhone
		{D9703A33-CFFA-499E-B535-A7941747A013}.Release|iPhone.Build.0 = Release|iPhone
		{D9703A33-CFFA-499E-B535-A7941747A013}.Release|iPhoneSimulator.ActiveCfg = Release|iPhoneSimulator
		{D9703A33-CFFA-499E-B535-A7941747A013}.Release|iPhoneSimulator.Build.0 = Release|iPhoneSimulator
		{D9703A33-CFFA-499E-B535-A7941747A013}.Release|x64.ActiveCfg = Release|iPhone
		{D9703A33-CFFA-499E-B535-A7941747A013}.Release|x86.ActiveCfg = Release|iPhone
		{A14FB02F-ABDA-4CF3-BC05-BFB0368C11E9}.Ad-Hoc|Any CPU.ActiveCfg = Release|x86
		{A14FB02F-ABDA-4CF3-BC05-BFB0368C11E9}.Ad-Hoc|Any CPU.Build.0 = Release|x86
		{A14FB02F-ABDA-4CF3-BC05-BFB0368C11E9}.Ad-Hoc|Any CPU.Deploy.0 = Release|x86
		{A14FB02F-ABDA-4CF3-BC05-BFB0368C11E9}.Ad-Hoc|ARM.ActiveCfg = Release|ARM
		{A14FB02F-ABDA-4CF3-BC05-BFB0368C11E9}.Ad-Hoc|ARM.Build.0 = Release|ARM
		{A14FB02F-ABDA-4CF3-BC05-BFB0368C11E9}.Ad-Hoc|ARM.Deploy.0 = Release|ARM
		{A14FB02F-ABDA-4CF3-BC05-BFB0368C11E9}.Ad-Hoc|iPhone.ActiveCfg = Release|x86
		{A14FB02F-ABDA-4CF3-BC05-BFB0368C11E9}.Ad-Hoc|iPhone.Build.0 = Release|x86
		{A14FB02F-ABDA-4CF3-BC05-BFB0368C11E9}.Ad-Hoc|iPhone.Deploy.0 = Release|x86
		{A14FB02F-ABDA-4CF3-BC05-BFB0368C11E9}.Ad-Hoc|iPhoneSimulator.ActiveCfg = Release|x86
		{A14FB02F-ABDA-4CF3-BC05-BFB0368C11E9}.Ad-Hoc|iPhoneSimulator.Build.0 = Release|x86
		{A14FB02F-ABDA-4CF3-BC05-BFB0368C11E9}.Ad-Hoc|iPhoneSimulator.Deploy.0 = Release|x86
		{A14FB02F-ABDA-4CF3-BC05-BFB0368C11E9}.Ad-Hoc|x64.ActiveCfg = Release|x64
		{A14FB02F-ABDA-4CF3-BC05-BFB0368C11E9}.Ad-Hoc|x64.Build.0 = Release|x64
		{A14FB02F-ABDA-4CF3-BC05-BFB0368C11E9}.Ad-Hoc|x64.Deploy.0 = Release|x64
		{A14FB02F-ABDA-4CF3-BC05-BFB0368C11E9}.Ad-Hoc|x86.ActiveCfg = Release|x86
		{A14FB02F-ABDA-4CF3-BC05-BFB0368C11E9}.Ad-Hoc|x86.Build.0 = Release|x86
		{A14FB02F-ABDA-4CF3-BC05-BFB0368C11E9}.Ad-Hoc|x86.Deploy.0 = Release|x86
		{A14FB02F-ABDA-4CF3-BC05-BFB0368C11E9}.AppStore|Any CPU.ActiveCfg = Release|x86
		{A14FB02F-ABDA-4CF3-BC05-BFB0368C11E9}.AppStore|Any CPU.Build.0 = Release|x86
		{A14FB02F-ABDA-4CF3-BC05-BFB0368C11E9}.AppStore|Any CPU.Deploy.0 = Release|x86
		{A14FB02F-ABDA-4CF3-BC05-BFB0368C11E9}.AppStore|ARM.ActiveCfg = Release|ARM
		{A14FB02F-ABDA-4CF3-BC05-BFB0368C11E9}.AppStore|ARM.Build.0 = Release|ARM
		{A14FB02F-ABDA-4CF3-BC05-BFB0368C11E9}.AppStore|ARM.Deploy.0 = Release|ARM
		{A14FB02F-ABDA-4CF3-BC05-BFB0368C11E9}.AppStore|iPhone.ActiveCfg = Release|x86
		{A14FB02F-ABDA-4CF3-BC05-BFB0368C11E9}.AppStore|iPhone.Build.0 = Release|x86
		{A14FB02F-ABDA-4CF3-BC05-BFB0368C11E9}.AppStore|iPhone.Deploy.0 = Release|x86
		{A14FB02F-ABDA-4CF3-BC05-BFB0368C11E9}.AppStore|iPhoneSimulator.ActiveCfg = Release|x86
		{A14FB02F-ABDA-4CF3-BC05-BFB0368C11E9}.AppStore|iPhoneSimulator.Build.0 = Release|x86
		{A14FB02F-ABDA-4CF3-BC05-BFB0368C11E9}.AppStore|iPhoneSimulator.Deploy.0 = Release|x86
		{A14FB02F-ABDA-4CF3-BC05-BFB0368C11E9}.AppStore|x64.ActiveCfg = Release|x64
		{A14FB02F-ABDA-4CF3-BC05-BFB0368C11E9}.AppStore|x64.Build.0 = Release|x64
		{A14FB02F-ABDA-4CF3-BC05-BFB0368C11E9}.AppStore|x64.Deploy.0 = Release|x64
		{A14FB02F-ABDA-4CF3-BC05-BFB0368C11E9}.AppStore|x86.ActiveCfg = Release|x86
		{A14FB02F-ABDA-4CF3-BC05-BFB0368C11E9}.AppStore|x86.Build.0 = Release|x86
		{A14FB02F-ABDA-4CF3-BC05-BFB0368C11E9}.AppStore|x86.Deploy.0 = Release|x86
		{A14FB02F-ABDA-4CF3-BC05-BFB0368C11E9}.Debug|Any CPU.ActiveCfg = Debug|x86
		{A14FB02F-ABDA-4CF3-BC05-BFB0368C11E9}.Debug|ARM.ActiveCfg = Debug|ARM
		{A14FB02F-ABDA-4CF3-BC05-BFB0368C11E9}.Debug|ARM.Build.0 = Debug|ARM
		{A14FB02F-ABDA-4CF3-BC05-BFB0368C11E9}.Debug|ARM.Deploy.0 = Debug|ARM
		{A14FB02F-ABDA-4CF3-BC05-BFB0368C11E9}.Debug|iPhone.ActiveCfg = Debug|x86
		{A14FB02F-ABDA-4CF3-BC05-BFB0368C11E9}.Debug|iPhoneSimulator.ActiveCfg = Debug|x86
		{A14FB02F-ABDA-4CF3-BC05-BFB0368C11E9}.Debug|x64.ActiveCfg = Debug|x64
		{A14FB02F-ABDA-4CF3-BC05-BFB0368C11E9}.Debug|x64.Build.0 = Debug|x64
		{A14FB02F-ABDA-4CF3-BC05-BFB0368C11E9}.Debug|x64.Deploy.0 = Debug|x64
		{A14FB02F-ABDA-4CF3-BC05-BFB0368C11E9}.Debug|x86.ActiveCfg = Debug|x86
		{A14FB02F-ABDA-4CF3-BC05-BFB0368C11E9}.Debug|x86.Build.0 = Debug|x86
		{A14FB02F-ABDA-4CF3-BC05-BFB0368C11E9}.Debug|x86.Deploy.0 = Debug|x86
		{A14FB02F-ABDA-4CF3-BC05-BFB0368C11E9}.Release|Any CPU.ActiveCfg = Release|x86
		{A14FB02F-ABDA-4CF3-BC05-BFB0368C11E9}.Release|ARM.ActiveCfg = Release|ARM
		{A14FB02F-ABDA-4CF3-BC05-BFB0368C11E9}.Release|ARM.Build.0 = Release|ARM
		{A14FB02F-ABDA-4CF3-BC05-BFB0368C11E9}.Release|ARM.Deploy.0 = Release|ARM
		{A14FB02F-ABDA-4CF3-BC05-BFB0368C11E9}.Release|iPhone.ActiveCfg = Release|x86
		{A14FB02F-ABDA-4CF3-BC05-BFB0368C11E9}.Release|iPhoneSimulator.ActiveCfg = Release|x86
		{A14FB02F-ABDA-4CF3-BC05-BFB0368C11E9}.Release|x64.ActiveCfg = Release|x64
		{A14FB02F-ABDA-4CF3-BC05-BFB0368C11E9}.Release|x64.Build.0 = Release|x64
		{A14FB02F-ABDA-4CF3-BC05-BFB0368C11E9}.Release|x64.Deploy.0 = Release|x64
		{A14FB02F-ABDA-4CF3-BC05-BFB0368C11E9}.Release|x86.ActiveCfg = Release|x86
		{A14FB02F-ABDA-4CF3-BC05-BFB0368C11E9}.Release|x86.Build.0 = Release|x86
		{A14FB02F-ABDA-4CF3-BC05-BFB0368C11E9}.Release|x86.Deploy.0 = Release|x86
		{FCA37C64-C40A-4CBA-BA41-CE6D4A8B2277}.Ad-Hoc|Any CPU.ActiveCfg = Debug|Any CPU
		{FCA37C64-C40A-4CBA-BA41-CE6D4A8B2277}.Ad-Hoc|Any CPU.Build.0 = Debug|Any CPU
		{FCA37C64-C40A-4CBA-BA41-CE6D4A8B2277}.Ad-Hoc|ARM.ActiveCfg = Debug|Any CPU
		{FCA37C64-C40A-4CBA-BA41-CE6D4A8B2277}.Ad-Hoc|ARM.Build.0 = Debug|Any CPU
		{FCA37C64-C40A-4CBA-BA41-CE6D4A8B2277}.Ad-Hoc|iPhone.ActiveCfg = Debug|Any CPU
		{FCA37C64-C40A-4CBA-BA41-CE6D4A8B2277}.Ad-Hoc|iPhone.Build.0 = Debug|Any CPU
		{FCA37C64-C40A-4CBA-BA41-CE6D4A8B2277}.Ad-Hoc|iPhoneSimulator.ActiveCfg = Debug|Any CPU
		{FCA37C64-C40A-4CBA-BA41-CE6D4A8B2277}.Ad-Hoc|iPhoneSimulator.Build.0 = Debug|Any CPU
		{FCA37C64-C40A-4CBA-BA41-CE6D4A8B2277}.Ad-Hoc|x64.ActiveCfg = Debug|Any CPU
		{FCA37C64-C40A-4CBA-BA41-CE6D4A8B2277}.Ad-Hoc|x64.Build.0 = Debug|Any CPU
		{FCA37C64-C40A-4CBA-BA41-CE6D4A8B2277}.Ad-Hoc|x86.ActiveCfg = Debug|Any CPU
		{FCA37C64-C40A-4CBA-BA41-CE6D4A8B2277}.Ad-Hoc|x86.Build.0 = Debug|Any CPU
		{FCA37C64-C40A-4CBA-BA41-CE6D4A8B2277}.AppStore|Any CPU.ActiveCfg = Debug|Any CPU
		{FCA37C64-C40A-4CBA-BA41-CE6D4A8B2277}.AppStore|Any CPU.Build.0 = Debug|Any CPU
		{FCA37C64-C40A-4CBA-BA41-CE6D4A8B2277}.AppStore|ARM.ActiveCfg = Debug|Any CPU
		{FCA37C64-C40A-4CBA-BA41-CE6D4A8B2277}.AppStore|ARM.Build.0 = Debug|Any CPU
		{FCA37C64-C40A-4CBA-BA41-CE6D4A8B2277}.AppStore|iPhone.ActiveCfg = Debug|Any CPU
		{FCA37C64-C40A-4CBA-BA41-CE6D4A8B2277}.AppStore|iPhone.Build.0 = Debug|Any CPU
		{FCA37C64-C40A-4CBA-BA41-CE6D4A8B2277}.AppStore|iPhoneSimulator.ActiveCfg = Debug|Any CPU
		{FCA37C64-C40A-4CBA-BA41-CE6D4A8B2277}.AppStore|iPhoneSimulator.Build.0 = Debug|Any CPU
		{FCA37C64-C40A-4CBA-BA41-CE6D4A8B2277}.AppStore|x64.ActiveCfg = Debug|Any CPU
		{FCA37C64-C40A-4CBA-BA41-CE6D4A8B2277}.AppStore|x64.Build.0 = Debug|Any CPU
		{FCA37C64-C40A-4CBA-BA41-CE6D4A8B2277}.AppStore|x86.ActiveCfg = Debug|Any CPU
		{FCA37C64-C40A-4CBA-BA41-CE6D4A8B2277}.AppStore|x86.Build.0 = Debug|Any CPU
		{FCA37C64-C40A-4CBA-BA41-CE6D4A8B2277}.Debug|Any CPU.ActiveCfg = Debug|Any CPU
		{FCA37C64-C40A-4CBA-BA41-CE6D4A8B2277}.Debug|Any CPU.Build.0 = Debug|Any CPU
		{FCA37C64-C40A-4CBA-BA41-CE6D4A8B2277}.Debug|ARM.ActiveCfg = Debug|Any CPU
		{FCA37C64-C40A-4CBA-BA41-CE6D4A8B2277}.Debug|ARM.Build.0 = Debug|Any CPU
		{FCA37C64-C40A-4CBA-BA41-CE6D4A8B2277}.Debug|iPhone.ActiveCfg = Debug|Any CPU
		{FCA37C64-C40A-4CBA-BA41-CE6D4A8B2277}.Debug|iPhone.Build.0 = Debug|Any CPU
		{FCA37C64-C40A-4CBA-BA41-CE6D4A8B2277}.Debug|iPhoneSimulator.ActiveCfg = Debug|Any CPU
		{FCA37C64-C40A-4CBA-BA41-CE6D4A8B2277}.Debug|iPhoneSimulator.Build.0 = Debug|Any CPU
		{FCA37C64-C40A-4CBA-BA41-CE6D4A8B2277}.Debug|x64.ActiveCfg = Debug|Any CPU
		{FCA37C64-C40A-4CBA-BA41-CE6D4A8B2277}.Debug|x64.Build.0 = Debug|Any CPU
		{FCA37C64-C40A-4CBA-BA41-CE6D4A8B2277}.Debug|x86.ActiveCfg = Debug|Any CPU
		{FCA37C64-C40A-4CBA-BA41-CE6D4A8B2277}.Debug|x86.Build.0 = Debug|Any CPU
		{FCA37C64-C40A-4CBA-BA41-CE6D4A8B2277}.Release|Any CPU.ActiveCfg = Release|Any CPU
		{FCA37C64-C40A-4CBA-BA41-CE6D4A8B2277}.Release|Any CPU.Build.0 = Release|Any CPU
		{FCA37C64-C40A-4CBA-BA41-CE6D4A8B2277}.Release|ARM.ActiveCfg = Release|Any CPU
		{FCA37C64-C40A-4CBA-BA41-CE6D4A8B2277}.Release|ARM.Build.0 = Release|Any CPU
		{FCA37C64-C40A-4CBA-BA41-CE6D4A8B2277}.Release|iPhone.ActiveCfg = Release|Any CPU
		{FCA37C64-C40A-4CBA-BA41-CE6D4A8B2277}.Release|iPhone.Build.0 = Release|Any CPU
		{FCA37C64-C40A-4CBA-BA41-CE6D4A8B2277}.Release|iPhoneSimulator.ActiveCfg = Release|Any CPU
		{FCA37C64-C40A-4CBA-BA41-CE6D4A8B2277}.Release|iPhoneSimulator.Build.0 = Release|Any CPU
		{FCA37C64-C40A-4CBA-BA41-CE6D4A8B2277}.Release|x64.ActiveCfg = Release|Any CPU
		{FCA37C64-C40A-4CBA-BA41-CE6D4A8B2277}.Release|x64.Build.0 = Release|Any CPU
		{FCA37C64-C40A-4CBA-BA41-CE6D4A8B2277}.Release|x86.ActiveCfg = Release|Any CPU
		{FCA37C64-C40A-4CBA-BA41-CE6D4A8B2277}.Release|x86.Build.0 = Release|Any CPU
		{C49CFEFD-57B9-4898-8C9D-54583F4BE8D9}.Ad-Hoc|Any CPU.ActiveCfg = Debug|Any CPU
		{C49CFEFD-57B9-4898-8C9D-54583F4BE8D9}.Ad-Hoc|Any CPU.Build.0 = Debug|Any CPU
		{C49CFEFD-57B9-4898-8C9D-54583F4BE8D9}.Ad-Hoc|ARM.ActiveCfg = Debug|Any CPU
		{C49CFEFD-57B9-4898-8C9D-54583F4BE8D9}.Ad-Hoc|ARM.Build.0 = Debug|Any CPU
		{C49CFEFD-57B9-4898-8C9D-54583F4BE8D9}.Ad-Hoc|iPhone.ActiveCfg = Debug|Any CPU
		{C49CFEFD-57B9-4898-8C9D-54583F4BE8D9}.Ad-Hoc|iPhone.Build.0 = Debug|Any CPU
		{C49CFEFD-57B9-4898-8C9D-54583F4BE8D9}.Ad-Hoc|iPhoneSimulator.ActiveCfg = Debug|Any CPU
		{C49CFEFD-57B9-4898-8C9D-54583F4BE8D9}.Ad-Hoc|iPhoneSimulator.Build.0 = Debug|Any CPU
		{C49CFEFD-57B9-4898-8C9D-54583F4BE8D9}.Ad-Hoc|x64.ActiveCfg = Debug|Any CPU
		{C49CFEFD-57B9-4898-8C9D-54583F4BE8D9}.Ad-Hoc|x64.Build.0 = Debug|Any CPU
		{C49CFEFD-57B9-4898-8C9D-54583F4BE8D9}.Ad-Hoc|x86.ActiveCfg = Debug|Any CPU
		{C49CFEFD-57B9-4898-8C9D-54583F4BE8D9}.Ad-Hoc|x86.Build.0 = Debug|Any CPU
		{C49CFEFD-57B9-4898-8C9D-54583F4BE8D9}.AppStore|Any CPU.ActiveCfg = Debug|Any CPU
		{C49CFEFD-57B9-4898-8C9D-54583F4BE8D9}.AppStore|Any CPU.Build.0 = Debug|Any CPU
		{C49CFEFD-57B9-4898-8C9D-54583F4BE8D9}.AppStore|ARM.ActiveCfg = Debug|Any CPU
		{C49CFEFD-57B9-4898-8C9D-54583F4BE8D9}.AppStore|ARM.Build.0 = Debug|Any CPU
		{C49CFEFD-57B9-4898-8C9D-54583F4BE8D9}.AppStore|iPhone.ActiveCfg = Debug|Any CPU
		{C49CFEFD-57B9-4898-8C9D-54583F4BE8D9}.AppStore|iPhone.Build.0 = Debug|Any CPU
		{C49CFEFD-57B9-4898-8C9D-54583F4BE8D9}.AppStore|iPhoneSimulator.ActiveCfg = Debug|Any CPU
		{C49CFEFD-57B9-4898-8C9D-54583F4BE8D9}.AppStore|iPhoneSimulator.Build.0 = Debug|Any CPU
		{C49CFEFD-57B9-4898-8C9D-54583F4BE8D9}.AppStore|x64.ActiveCfg = Debug|Any CPU
		{C49CFEFD-57B9-4898-8C9D-54583F4BE8D9}.AppStore|x64.Build.0 = Debug|Any CPU
		{C49CFEFD-57B9-4898-8C9D-54583F4BE8D9}.AppStore|x86.ActiveCfg = Debug|Any CPU
		{C49CFEFD-57B9-4898-8C9D-54583F4BE8D9}.AppStore|x86.Build.0 = Debug|Any CPU
		{C49CFEFD-57B9-4898-8C9D-54583F4BE8D9}.Debug|Any CPU.ActiveCfg = Debug|Any CPU
		{C49CFEFD-57B9-4898-8C9D-54583F4BE8D9}.Debug|Any CPU.Build.0 = Debug|Any CPU
		{C49CFEFD-57B9-4898-8C9D-54583F4BE8D9}.Debug|ARM.ActiveCfg = Debug|Any CPU
		{C49CFEFD-57B9-4898-8C9D-54583F4BE8D9}.Debug|ARM.Build.0 = Debug|Any CPU
		{C49CFEFD-57B9-4898-8C9D-54583F4BE8D9}.Debug|iPhone.ActiveCfg = Debug|Any CPU
		{C49CFEFD-57B9-4898-8C9D-54583F4BE8D9}.Debug|iPhone.Build.0 = Debug|Any CPU
		{C49CFEFD-57B9-4898-8C9D-54583F4BE8D9}.Debug|iPhoneSimulator.ActiveCfg = Debug|Any CPU
		{C49CFEFD-57B9-4898-8C9D-54583F4BE8D9}.Debug|iPhoneSimulator.Build.0 = Debug|Any CPU
		{C49CFEFD-57B9-4898-8C9D-54583F4BE8D9}.Debug|x64.ActiveCfg = Debug|Any CPU
		{C49CFEFD-57B9-4898-8C9D-54583F4BE8D9}.Debug|x64.Build.0 = Debug|Any CPU
		{C49CFEFD-57B9-4898-8C9D-54583F4BE8D9}.Debug|x86.ActiveCfg = Debug|Any CPU
		{C49CFEFD-57B9-4898-8C9D-54583F4BE8D9}.Debug|x86.Build.0 = Debug|Any CPU
		{C49CFEFD-57B9-4898-8C9D-54583F4BE8D9}.Release|Any CPU.ActiveCfg = Release|Any CPU
		{C49CFEFD-57B9-4898-8C9D-54583F4BE8D9}.Release|Any CPU.Build.0 = Release|Any CPU
		{C49CFEFD-57B9-4898-8C9D-54583F4BE8D9}.Release|ARM.ActiveCfg = Release|Any CPU
		{C49CFEFD-57B9-4898-8C9D-54583F4BE8D9}.Release|ARM.Build.0 = Release|Any CPU
		{C49CFEFD-57B9-4898-8C9D-54583F4BE8D9}.Release|iPhone.ActiveCfg = Release|Any CPU
		{C49CFEFD-57B9-4898-8C9D-54583F4BE8D9}.Release|iPhone.Build.0 = Release|Any CPU
		{C49CFEFD-57B9-4898-8C9D-54583F4BE8D9}.Release|iPhoneSimulator.ActiveCfg = Release|Any CPU
		{C49CFEFD-57B9-4898-8C9D-54583F4BE8D9}.Release|iPhoneSimulator.Build.0 = Release|Any CPU
		{C49CFEFD-57B9-4898-8C9D-54583F4BE8D9}.Release|x64.ActiveCfg = Release|Any CPU
		{C49CFEFD-57B9-4898-8C9D-54583F4BE8D9}.Release|x64.Build.0 = Release|Any CPU
		{C49CFEFD-57B9-4898-8C9D-54583F4BE8D9}.Release|x86.ActiveCfg = Release|Any CPU
		{C49CFEFD-57B9-4898-8C9D-54583F4BE8D9}.Release|x86.Build.0 = Release|Any CPU
	EndGlobalSection
	GlobalSection(SolutionProperties) = preSolution
		HideSolutionNode = FALSE
	EndGlobalSection
	GlobalSection(NestedProjects) = preSolution
		{9D0E502F-FB79-498C-974F-72D2158F0090} = {46FB3363-2867-41C7-96F4-6102C070E325}
	EndGlobalSection
	GlobalSection(ExtensibilityGlobals) = postSolution
		SolutionGuid = {A8BC1A04-5226-4B9D-8065-5BA9FF4B8C7E}
	EndGlobalSection
EndGlobal
